
Microsoft Visual Studio Solution File, Format Version 12.00
# Visual Studio Version 17
VisualStudioVersion = 17.9.34622.214
MinimumVisualStudioVersion = 10.0.40219.1
Project("{2150E333-8FDC-42A3-9474-1A3956D46DE8}") = "BackEnd", "BackEnd", "{8607B67F-C829-4EA3-B8A6-5DAE9F0B0BF7}"
EndProject
Project("{2150E333-8FDC-42A3-9474-1A3956D46DE8}") = "Consumers", "Consumers", "{7C10F295-64F4-4B3F-9F1F-0F768D59F289}"
EndProject
Project("{9A19103F-16F7-4668-BE54-9A1E7A4F7556}") = "Shelly.ExceptionHandlerMiddleware", "Shelly.ExceptionHandlerMiddleware\Shelly.ExceptionHandlerMiddleware.csproj", "{A1D2E598-463C-453B-B1ED-31443E0EFC94}"
EndProject
Project("{9A19103F-16F7-4668-BE54-9A1E7A4F7556}") = "Shelly.MessagesLocalizer", "Shelly.MessagesLocalizer\Shelly.MessagesLocalizer.csproj", "{88BBECC8-B7E0-4C23-A708-A218B2BFB9F8}"
EndProject
Project("{9A19103F-16F7-4668-BE54-9A1E7A4F7556}") = "Shelly.ProviderBlobStorages", "Shelly.ProviderBlobStorages\Shelly.ProviderBlobStorages.csproj", "{07A85C18-317F-41E1-80D8-50EB53B77B51}"
EndProject
Project("{9A19103F-16F7-4668-BE54-9A1E7A4F7556}") = "Shelly.ProviderCache", "Shelly.ProviderCache\Shelly.ProviderCache.csproj", "{EA6BDF58-3B9A-43E8-9885-D73F54CDBB1C}"
EndProject
Project("{9A19103F-16F7-4668-BE54-9A1E7A4F7556}") = "Shelly.ProviderData", "Shelly.ProviderData\Shelly.ProviderData.csproj", "{C251B848-0871-48C3-9D07-98BBF58ED33B}"
EndProject
Project("{9A19103F-16F7-4668-BE54-9A1E7A4F7556}") = "Shelly.ManagementExcel", "Shelly.ManagementExcel\Shelly.ManagementExcel.csproj", "{5529DC7E-F8DD-41BB-A444-D731C26CEE7C}"
EndProject
Project("{9A19103F-16F7-4668-BE54-9A1E7A4F7556}") = "Shelly.GraphQLCore", "Shelly.GraphQLCore\Shelly.GraphQLCore.csproj", "{E9C277D8-B765-422B-AC2F-306A874E08A2}"
EndProject
Project("{9A19103F-16F7-4668-BE54-9A1E7A4F7556}") = "Shelly.Abstractions", "Shelly.Abstractions\Shelly.Abstractions.csproj", "{E4405272-2F6B-4ED3-B3C5-10D64BB9EC13}"
EndProject
Project("{9A19103F-16F7-4668-BE54-9A1E7A4F7556}") = "Shelly.POSCore", "Shelly.POSCore\Shelly.POSCore.csproj", "{390BC08A-C8FD-4EA5-BF38-D59F59A51B0E}"
EndProject
Project("{9A19103F-16F7-4668-BE54-9A1E7A4F7556}") = "Shelly.POSProviderData", "Shelly.POSProviderData\Shelly.POSProviderData.csproj", "{9EBFC749-9BA1-4DF4-B193-F8C457EEBAD6}"
EndProject
Project("{9A19103F-16F7-4668-BE54-9A1E7A4F7556}") = "Api_POS", "API_POS\Api_POS.csproj", "{B7C8BAE7-CB5A-41CB-93CA-B9D23126130E}"
EndProject
Project("{9A19103F-16F7-4668-BE54-9A1E7A4F7556}") = "ShellyPOS", "Client_POS\ShellyPOS.csproj", "{6256E24B-1A81-4974-B403-36321F64B5AB}"
EndProject
Project("{2150E333-8FDC-42A3-9474-1A3956D46DE8}") = "Shared", "Shared", "{BE6A2BC6-7121-4297-A522-AC1851A0C4EE}"
EndProject
Project("{FAE04EC0-301F-11D3-BF4B-00C04F79EFBC}") = "Shelly.GraphQLShared", "Shelly.GraphQLShared\Shelly.GraphQLShared.csproj", "{9D2D5FF0-959B-4A1F-9CCA-773E3DC8E627}"
EndProject
Global
	GlobalSection(SolutionConfigurationPlatforms) = preSolution
		Debug|Any CPU = Debug|Any CPU
		Release|Any CPU = Release|Any CPU
	EndGlobalSection
	GlobalSection(ProjectConfigurationPlatforms) = postSolution
		{A1D2E598-463C-453B-B1ED-31443E0EFC94}.Debug|Any CPU.ActiveCfg = Debug|Any CPU
		{A1D2E598-463C-453B-B1ED-31443E0EFC94}.Debug|Any CPU.Build.0 = Debug|Any CPU
		{A1D2E598-463C-453B-B1ED-31443E0EFC94}.Release|Any CPU.ActiveCfg = Release|Any CPU
		{A1D2E598-463C-453B-B1ED-31443E0EFC94}.Release|Any CPU.Build.0 = Release|Any CPU
		{88BBECC8-B7E0-4C23-A708-A218B2BFB9F8}.Debug|Any CPU.ActiveCfg = Debug|Any CPU
		{88BBECC8-B7E0-4C23-A708-A218B2BFB9F8}.Debug|Any CPU.Build.0 = Debug|Any CPU
		{88BBECC8-B7E0-4C23-A708-A218B2BFB9F8}.Release|Any CPU.ActiveCfg = Release|Any CPU
		{88BBECC8-B7E0-4C23-A708-A218B2BFB9F8}.Release|Any CPU.Build.0 = Release|Any CPU
		{07A85C18-317F-41E1-80D8-50EB53B77B51}.Debug|Any CPU.ActiveCfg = Debug|Any CPU
		{07A85C18-317F-41E1-80D8-50EB53B77B51}.Debug|Any CPU.Build.0 = Debug|Any CPU
		{07A85C18-317F-41E1-80D8-50EB53B77B51}.Release|Any CPU.ActiveCfg = Release|Any CPU
		{07A85C18-317F-41E1-80D8-50EB53B77B51}.Release|Any CPU.Build.0 = Release|Any CPU
		{EA6BDF58-3B9A-43E8-9885-D73F54CDBB1C}.Debug|Any CPU.ActiveCfg = Debug|Any CPU
		{EA6BDF58-3B9A-43E8-9885-D73F54CDBB1C}.Debug|Any CPU.Build.0 = Debug|Any CPU
		{EA6BDF58-3B9A-43E8-9885-D73F54CDBB1C}.Release|Any CPU.ActiveCfg = Release|Any CPU
		{EA6BDF58-3B9A-43E8-9885-D73F54CDBB1C}.Release|Any CPU.Build.0 = Release|Any CPU
		{C251B848-0871-48C3-9D07-98BBF58ED33B}.Debug|Any CPU.ActiveCfg = Debug|Any CPU
		{C251B848-0871-48C3-9D07-98BBF58ED33B}.Debug|Any CPU.Build.0 = Debug|Any CPU
		{C251B848-0871-48C3-9D07-98BBF58ED33B}.Release|Any CPU.ActiveCfg = Release|Any CPU
		{C251B848-0871-48C3-9D07-98BBF58ED33B}.Release|Any CPU.Build.0 = Release|Any CPU
		{5529DC7E-F8DD-41BB-A444-D731C26CEE7C}.Debug|Any CPU.ActiveCfg = Debug|Any CPU
		{5529DC7E-F8DD-41BB-A444-D731C26CEE7C}.Debug|Any CPU.Build.0 = Debug|Any CPU
		{5529DC7E-F8DD-41BB-A444-D731C26CEE7C}.Release|Any CPU.ActiveCfg = Release|Any CPU
		{5529DC7E-F8DD-41BB-A444-D731C26CEE7C}.Release|Any CPU.Build.0 = Release|Any CPU
		{E9C277D8-B765-422B-AC2F-306A874E08A2}.Debug|Any CPU.ActiveCfg = Debug|Any CPU
		{E9C277D8-B765-422B-AC2F-306A874E08A2}.Debug|Any CPU.Build.0 = Debug|Any CPU
		{E9C277D8-B765-422B-AC2F-306A874E08A2}.Release|Any CPU.ActiveCfg = Release|Any CPU
		{E9C277D8-B765-422B-AC2F-306A874E08A2}.Release|Any CPU.Build.0 = Release|Any CPU
		{E4405272-2F6B-4ED3-B3C5-10D64BB9EC13}.Debug|Any CPU.ActiveCfg = Debug|Any CPU
		{E4405272-2F6B-4ED3-B3C5-10D64BB9EC13}.Debug|Any CPU.Build.0 = Debug|Any CPU
		{E4405272-2F6B-4ED3-B3C5-10D64BB9EC13}.Release|Any CPU.ActiveCfg = Release|Any CPU
		{E4405272-2F6B-4ED3-B3C5-10D64BB9EC13}.Release|Any CPU.Build.0 = Release|Any CPU
		{390BC08A-C8FD-4EA5-BF38-D59F59A51B0E}.Debug|Any CPU.ActiveCfg = Debug|Any CPU
		{390BC08A-C8FD-4EA5-BF38-D59F59A51B0E}.Debug|Any CPU.Build.0 = Debug|Any CPU
		{390BC08A-C8FD-4EA5-BF38-D59F59A51B0E}.Release|Any CPU.ActiveCfg = Release|Any CPU
		{390BC08A-C8FD-4EA5-BF38-D59F59A51B0E}.Release|Any CPU.Build.0 = Release|Any CPU
		{9EBFC749-9BA1-4DF4-B193-F8C457EEBAD6}.Debug|Any CPU.ActiveCfg = Debug|Any CPU
		{9EBFC749-9BA1-4DF4-B193-F8C457EEBAD6}.Debug|Any CPU.Build.0 = Debug|Any CPU
		{9EBFC749-9BA1-4DF4-B193-F8C457EEBAD6}.Release|Any CPU.ActiveCfg = Release|Any CPU
		{9EBFC749-9BA1-4DF4-B193-F8C457EEBAD6}.Release|Any CPU.Build.0 = Release|Any CPU
		{B7C8BAE7-CB5A-41CB-93CA-B9D23126130E}.Debug|Any CPU.ActiveCfg = Debug|Any CPU
		{B7C8BAE7-CB5A-41CB-93CA-B9D23126130E}.Debug|Any CPU.Build.0 = Debug|Any CPU
		{B7C8BAE7-CB5A-41CB-93CA-B9D23126130E}.Release|Any CPU.ActiveCfg = Release|Any CPU
		{B7C8BAE7-CB5A-41CB-93CA-B9D23126130E}.Release|Any CPU.Build.0 = Release|Any CPU
		{6256E24B-1A81-4974-B403-36321F64B5AB}.Debug|Any CPU.ActiveCfg = Debug|Any CPU
		{6256E24B-1A81-4974-B403-36321F64B5AB}.Debug|Any CPU.Build.0 = Debug|Any CPU
		{6256E24B-1A81-4974-B403-36321F64B5AB}.Release|Any CPU.ActiveCfg = Release|Any CPU
		{6256E24B-1A81-4974-B403-36321F64B5AB}.Release|Any CPU.Build.0 = Release|Any CPU
		{9D2D5FF0-959B-4A1F-9CCA-773E3DC8E627}.Debug|Any CPU.ActiveCfg = Debug|Any CPU
		{9D2D5FF0-959B-4A1F-9CCA-773E3DC8E627}.Debug|Any CPU.Build.0 = Debug|Any CPU
		{9D2D5FF0-959B-4A1F-9CCA-773E3DC8E627}.Release|Any CPU.ActiveCfg = Release|Any CPU
		{9D2D5FF0-959B-4A1F-9CCA-773E3DC8E627}.Release|Any CPU.Build.0 = Release|Any CPU
	EndGlobalSection
	GlobalSection(SolutionProperties) = preSolution
		HideSolutionNode = FALSE
	EndGlobalSection
	GlobalSection(NestedProjects) = preSolution
		{A1D2E598-463C-453B-B1ED-31443E0EFC94} = {8607B67F-C829-4EA3-B8A6-5DAE9F0B0BF7}
		{88BBECC8-B7E0-4C23-A708-A218B2BFB9F8} = {8607B67F-C829-4EA3-B8A6-5DAE9F0B0BF7}
		{07A85C18-317F-41E1-80D8-50EB53B77B51} = {8607B67F-C829-4EA3-B8A6-5DAE9F0B0BF7}
		{EA6BDF58-3B9A-43E8-9885-D73F54CDBB1C} = {8607B67F-C829-4EA3-B8A6-5DAE9F0B0BF7}
		{C251B848-0871-48C3-9D07-98BBF58ED33B} = {8607B67F-C829-4EA3-B8A6-5DAE9F0B0BF7}
		{5529DC7E-F8DD-41BB-A444-D731C26CEE7C} = {8607B67F-C829-4EA3-B8A6-5DAE9F0B0BF7}
		{E9C277D8-B765-422B-AC2F-306A874E08A2} = {8607B67F-C829-4EA3-B8A6-5DAE9F0B0BF7}
		{E4405272-2F6B-4ED3-B3C5-10D64BB9EC13} = {8607B67F-C829-4EA3-B8A6-5DAE9F0B0BF7}
		{390BC08A-C8FD-4EA5-BF38-D59F59A51B0E} = {8607B67F-C829-4EA3-B8A6-5DAE9F0B0BF7}
		{9EBFC749-9BA1-4DF4-B193-F8C457EEBAD6} = {8607B67F-C829-4EA3-B8A6-5DAE9F0B0BF7}
		{B7C8BAE7-CB5A-41CB-93CA-B9D23126130E} = {7C10F295-64F4-4B3F-9F1F-0F768D59F289}
		{6256E24B-1A81-4974-B403-36321F64B5AB} = {7C10F295-64F4-4B3F-9F1F-0F768D59F289}
		{9D2D5FF0-959B-4A1F-9CCA-773E3DC8E627} = {BE6A2BC6-7121-4297-A522-AC1851A0C4EE}
	EndGlobalSection
	GlobalSection(ExtensibilityGlobals) = postSolution
		SolutionGuid = {1F0F84F1-8B26-46F3-94A5-4B101082C568}
	EndGlobalSection
EndGlobal
